
Microsoft Visual Studio Solution File, Format Version 12.00
# Visual Studio Version 16
VisualStudioVersion = 16.0.31129.286
MinimumVisualStudioVersion = 10.0.40219.1
Project("{9A19103F-16F7-4668-BE54-9A1E7A4F7556}") = "EIS.MainApp", "EIS.MainApp.csproj", "{08945BFD-6DE7-4D2B-BD90-A733689EDFCB}"
EndProject
Global
	GlobalSection(SolutionConfigurationPlatforms) = preSolution
		Debug|Any CPU = Debug|Any CPU
		Release|Any CPU = Release|Any CPU
	EndGlobalSection
	GlobalSection(ProjectConfigurationPlatforms) = postSolution
		{08945BFD-6DE7-4D2B-BD90-A733689EDFCB}.Debug|Any CPU.ActiveCfg = Debug|Any CPU
		{08945BFD-6DE7-4D2B-BD90-A733689EDFCB}.Debug|Any CPU.Build.0 = Debug|Any CPU
		{08945BFD-6DE7-4D2B-BD90-A733689EDFCB}.Release|Any CPU.ActiveCfg = Release|Any CPU
		{08945BFD-6DE7-4D2B-BD90-A733689EDFCB}.Release|Any CPU.Build.0 = Release|Any CPU
	EndGlobalSection
	GlobalSection(SolutionProperties) = preSolution
		HideSolutionNode = FALSE
	EndGlobalSection
	GlobalSection(ExtensibilityGlobals) = postSolution
		SolutionGuid = {523A5016-7FBE-47BC-8596-ED6FFB269D50}
	EndGlobalSection
EndGlobal
